// !$*UTF8*$!
{
	archiveVersion = 1;
	classes = {
	};
	objectVersion = 50;
	objects = {

/* Begin PBXBuildFile section */
		DD0DC14E210519EF00C8C327 /* GoogLeNetPlaces.mlmodel in Sources */ = {isa = PBXBuildFile; fileRef = DD0DC14D210519EF00C8C327 /* GoogLeNetPlaces.mlmodel */; };
		DDD22D9F21047C7C001FCF67 /* AppDelegate.swift in Sources */ = {isa = PBXBuildFile; fileRef = DDD22D9E21047C7C001FCF67 /* AppDelegate.swift */; };
		DDD22DA121047C7C001FCF67 /* ViewController.swift in Sources */ = {isa = PBXBuildFile; fileRef = DDD22DA021047C7C001FCF67 /* ViewController.swift */; };
		DDD22DA421047C7C001FCF67 /* Main.storyboard in Resources */ = {isa = PBXBuildFile; fileRef = DDD22DA221047C7C001FCF67 /* Main.storyboard */; };
		DDD22DA621047C7E001FCF67 /* Assets.xcassets in Resources */ = {isa = PBXBuildFile; fileRef = DDD22DA521047C7E001FCF67 /* Assets.xcassets */; };
		DDD22DA921047C7E001FCF67 /* LaunchScreen.storyboard in Resources */ = {isa = PBXBuildFile; fileRef = DDD22DA721047C7E001FCF67 /* LaunchScreen.storyboard */; };
		DDD22DB121048004001FCF67 /* double_click_touch_click_finger_hand_select_gesture-512.png in Resources */ = {isa = PBXBuildFile; fileRef = DDD22DB021048004001FCF67 /* double_click_touch_click_finger_hand_select_gesture-512.png */; };
/* End PBXBuildFile section */

/* Begin PBXFileReference section */
		DD0DC14D210519EF00C8C327 /* GoogLeNetPlaces.mlmodel */ = {isa = PBXFileReference; lastKnownFileType = file.mlmodel; path = GoogLeNetPlaces.mlmodel; sourceTree = "<group>"; };
		DDD22D9B21047C7C001FCF67 /* artificialintelligenceSwift.app */ = {isa = PBXFileReference; explicitFileType = wrapper.application; includeInIndex = 0; path = artificialintelligenceSwift.app; sourceTree = BUILT_PRODUCTS_DIR; };
		DDD22D9E21047C7C001FCF67 /* AppDelegate.swift */ = {isa = PBXFileReference; lastKnownFileType = sourcecode.swift; path = AppDelegate.swift; sourceTree = "<group>"; };
		DDD22DA021047C7C001FCF67 /* ViewController.swift */ = {isa = PBXFileReference; lastKnownFileType = sourcecode.swift; path = ViewController.swift; sourceTree = "<group>"; };
		DDD22DA321047C7C001FCF67 /* Base */ = {isa = PBXFileReference; lastKnownFileType = file.storyboard; name = Base; path = Base.lproj/Main.storyboard; sourceTree = "<group>"; };
		DDD22DA521047C7E001FCF67 /* Assets.xcassets */ = {isa = PBXFileReference; lastKnownFileType = folder.assetcatalog; path = Assets.xcassets; sourceTree = "<group>"; };
		DDD22DA821047C7E001FCF67 /* Base */ = {isa = PBXFileReference; lastKnownFileType = file.storyboard; name = Base; path = Base.lproj/LaunchScreen.storyboard; sourceTree = "<group>"; };
		DDD22DAA21047C7E001FCF67 /* Info.plist */ = {isa = PBXFileReference; lastKnownFileType = text.plist.xml; path = Info.plist; sourceTree = "<group>"; };
		DDD22DB021048004001FCF67 /* double_click_touch_click_finger_hand_select_gesture-512.png */ = {isa = PBXFileReference; lastKnownFileType = image.png; path = "double_click_touch_click_finger_hand_select_gesture-512.png"; sourceTree = "<group>"; };
/* End PBXFileReference section */

/* Begin PBXFrameworksBuildPhase section */
		DDD22D9821047C7C001FCF67 /* Frameworks */ = {
			isa = PBXFrameworksBuildPhase;
			buildActionMask = 2147483647;
			files = (
			);
			runOnlyForDeploymentPostprocessing = 0;
		};
/* End PBXFrameworksBuildPhase section */

/* Begin PBXGroup section */
		DDD22D9221047C7C001FCF67 = {
			isa = PBXGroup;
			children = (
				DDD22D9D21047C7C001FCF67 /* artificialintelligenceSwift */,
				DDD22D9C21047C7C001FCF67 /* Products */,
			);
			sourceTree = "<group>";
		};
		DDD22D9C21047C7C001FCF67 /* Products */ = {
			isa = PBXGroup;
			children = (
				DDD22D9B21047C7C001FCF67 /* artificialintelligenceSwift.app */,
			);
			name = Products;
			sourceTree = "<group>";
		};
		DDD22D9D21047C7C001FCF67 /* artificialintelligenceSwift */ = {
			isa = PBXGroup;
			children = (
				DDD22D9E21047C7C001FCF67 /* AppDelegate.swift */,
				DDD22DA021047C7C001FCF67 /* ViewController.swift */,
				DD0DC14D210519EF00C8C327 /* GoogLeNetPlaces.mlmodel */,
				DDD22DA221047C7C001FCF67 /* Main.storyboard */,
				DDD22DA521047C7E001FCF67 /* Assets.xcassets */,
				DDD22DA721047C7E001FCF67 /* LaunchScreen.storyboard */,
				DDD22DB021048004001FCF67 /* double_click_touch_click_finger_hand_select_gesture-512.png */,
				DDD22DAA21047C7E001FCF67 /* Info.plist */,
			);
			path = artificialintelligenceSwift;
			sourceTree = "<group>";
		};
/* End PBXGroup section */

/* Begin PBXNativeTarget section */
		DDD22D9A21047C7C001FCF67 /* artificialintelligenceSwift */ = {
			isa = PBXNativeTarget;
			buildConfigurationList = DDD22DAD21047C7E001FCF67 /* Build configuration list for PBXNativeTarget "artificialintelligenceSwift" */;
			buildPhases = (
				DDD22D9721047C7C001FCF67 /* Sources */,
				DDD22D9821047C7C001FCF67 /* Frameworks */,
				DDD22D9921047C7C001FCF67 /* Resources */,
			);
			buildRules = (
			);
			dependencies = (
			);
			name = artificialintelligenceSwift;
			productName = artificialintelligenceSwift;
			productReference = DDD22D9B21047C7C001FCF67 /* artificialintelligenceSwift.app */;
			productType = "com.apple.product-type.application";
		};
/* End PBXNativeTarget section */

/* Begin PBXProject section */
		DDD22D9321047C7C001FCF67 /* Project object */ = {
			isa = PBXProject;
			attributes = {
				LastSwiftUpdateCheck = 0940;
				LastUpgradeCheck = 0940;
				ORGANIZATIONNAME = "Yusuf DEMİRKOPARAN";
				TargetAttributes = {
					DDD22D9A21047C7C001FCF67 = {
						CreatedOnToolsVersion = 9.4.1;
					};
				};
			};
			buildConfigurationList = DDD22D9621047C7C001FCF67 /* Build configuration list for PBXProject "artificialintelligenceSwift" */;
			compatibilityVersion = "Xcode 9.3";
			developmentRegion = en;
			hasScannedForEncodings = 0;
			knownRegions = (
				en,
				Base,
			);
			mainGroup = DDD22D9221047C7C001FCF67;
			productRefGroup = DDD22D9C21047C7C001FCF67 /* Products */;
			projectDirPath = "";
			projectRoot = "";
			targets = (
				DDD22D9A21047C7C001FCF67 /* artificialintelligenceSwift */,
			);
		};
/* End PBXProject section */

/* Begin PBXResourcesBuildPhase section */
		DDD22D9921047C7C001FCF67 /* Resources */ = {
			isa = PBXResourcesBuildPhase;
			buildActionMask = 2147483647;
			files = (
				DDD22DA921047C7E001FCF67 /* LaunchScreen.storyboard in Resources */,
				DDD22DA621047C7E001FCF67 /* Assets.xcassets in Resources */,
				DDD22DA421047C7C001FCF67 /* Main.storyboard in Resources */,
				DDD22DB121048004001FCF67 /* double_click_touch_click_finger_hand_select_gesture-512.png in Resources */,
			);
			runOnlyForDeploymentPostprocessing = 0;
		};
/* End PBXResourcesBuildPhase section */

/* Begin PBXSourcesBuildPhase section */
		DDD22D9721047C7C001FCF67 /* Sources */ = {
			isa = PBXSourcesBuildPhase;
			buildActionMask = 2147483647;
			files = (
				DDD22DA121047C7C001FCF67 /* ViewController.swift in Sources */,
				DDD22D9F21047C7C001FCF67 /* AppDelegate.swift in Sources */,
				DD0DC14E210519EF00C8C327 /* GoogLeNetPlaces.mlmodel in Sources */,
			);
			runOnlyForDeploymentPostprocessing = 0;
		};
/* End PBXSourcesBuildPhase section */

/* Begin PBXVariantGroup section */
		DDD22DA221047C7C001FCF67 /* Main.storyboard */ = {
			isa = PBXVariantGroup;
			children = (
				DDD22DA321047C7C001FCF67 /* Base */,
			);
			name = Main.storyboard;
			sourceTree = "<group>";
		};
		DDD22DA721047C7E001FCF67 /* LaunchScreen.storyboard */ = {
			isa = PBXVariantGroup;
			children = (
				DDD22DA821047C7E001FCF67 /* Base */,
			);
			name = LaunchScreen.storyboard;
			sourceTree = "<group>";
		};
/* End PBXVariantGroup section */

/* Begin XCBuildConfiguration section */
		DDD22DAB21047C7E001FCF67 /* Debug */ = {
			isa = XCBuildConfiguration;
			buildSettings = {
				ALWAYS_SEARCH_USER_PATHS = NO;
				CLANG_ANALYZER_NONNULL = YES;
				CLANG_ANALYZER_NUMBER_OBJECT_CONVERSION = YES_AGGRESSIVE;
				CLANG_CXX_LANGUAGE_STANDARD = "gnu++14";
				CLANG_CXX_LIBRARY = "libc++";
				CLANG_ENABLE_MODULES = YES;
				CLANG_ENABLE_OBJC_ARC = YES;
				CLANG_ENABLE_OBJC_WEAK = YES;
				CLANG_WARN_BLOCK_CAPTURE_AUTORELEASING = YES;
				CLANG_WARN_BOOL_CONVERSION = YES;
				CLANG_WARN_COMMA = YES;
				CLANG_WARN_CONSTANT_CONVERSION = YES;
				CLANG_WARN_DEPRECATED_OBJC_IMPLEMENTATIONS = YES;
				CLANG_WARN_DIRECT_OBJC_ISA_USAGE = YES_ERROR;
				CLANG_WARN_DOCUMENTATION_COMMENTS = YES;
				CLANG_WARN_EMPTY_BODY = YES;
				CLANG_WARN_ENUM_CONVERSION = YES;
				CLANG_WARN_INFINITE_RECURSION = YES;
				CLANG_WARN_INT_CONVERSION = YES;
				CLANG_WARN_NON_LITERAL_NULL_CONVERSION = YES;
				CLANG_WARN_OBJC_IMPLICIT_RETAIN_SELF = YES;
				CLANG_WARN_OBJC_LITERAL_CONVERSION = YES;
				CLANG_WARN_OBJC_ROOT_CLASS = YES_ERROR;
				CLANG_WARN_RANGE_LOOP_ANALYSIS = YES;
				CLANG_WARN_STRICT_PROTOTYPES = YES;
				CLANG_WARN_SUSPICIOUS_MOVE = YES;
				CLANG_WARN_UNGUARDED_AVAILABILITY = YES_AGGRESSIVE;
				CLANG_WARN_UNREACHABLE_CODE = YES;
				CLANG_WARN__DUPLICATE_METHOD_MATCH = YES;
				CODE_SIGN_IDENTITY = "iPhone Developer";
				COPY_PHASE_STRIP = NO;
				DEBUG_INFORMATION_FORMAT = dwarf;
				ENABLE_STRICT_OBJC_MSGSEND = YES;
				ENABLE_TESTABILITY = YES;
				GCC_C_LANGUAGE_STANDARD = gnu11;
				GCC_DYNAMIC_NO_PIC = NO;
				GCC_NO_COMMON_BLOCKS = YES;
				GCC_OPTIMIZATION_LEVEL = 0;
				GCC_PREPROCESSOR_DEFINITIONS = (
					"DEBUG=1",
					"$(inherited)",
				);
				GCC_WARN_64_TO_32_BIT_CONVERSION = YES;
				GCC_WARN_ABOUT_RETURN_TYPE = YES_ERROR;
				GCC_WARN_UNDECLARED_SELECTOR = YES;
				GCC_WARN_UNINITIALIZED_AUTOS = YES_AGGRESSIVE;
				GCC_WARN_UNUSED_FUNCTION = YES;
				GCC_WARN_UNUSED_VARIABLE = YES;
				IPHONEOS_DEPLOYMENT_TARGET = 11.4;
				MTL_ENABLE_DEBUG_INFO = YES;
				ONLY_ACTIVE_ARCH = YES;
				SDKROOT = iphoneos;
				SWIFT_ACTIVE_COMPILATION_CONDITIONS = DEBUG;
				SWIFT_OPTIMIZATION_LEVEL = "-Onone";
			};
			name = Debug;
		};
		DDD22DAC21047C7E001FCF67 /* Release */ = {
			isa = XCBuildConfiguration;
			buildSettings = {
				ALWAYS_SEARCH_USER_PATHS = NO;
				CLANG_ANALYZER_NONNULL = YES;
				CLANG_ANALYZER_NUMBER_OBJECT_CONVERSION = YES_AGGRESSIVE;
				CLANG_CXX_LANGUAGE_STANDARD = "gnu++14";
				CLANG_CXX_LIBRARY = "libc++";
				CLANG_ENABLE_MODULES = YES;
				CLANG_ENABLE_OBJC_ARC = YES;
				CLANG_ENABLE_OBJC_WEAK = YES;
				CLANG_WARN_BLOCK_CAPTURE_AUTORELEASING = YES;
				CLANG_WARN_BOOL_CONVERSION = YES;
				CLANG_WARN_COMMA = YES;
				CLANG_WARN_CONSTANT_CONVERSION = YES;
				CLANG_WARN_DEPRECATED_OBJC_IMPLEMENTATIONS = YES;
				CLANG_WARN_DIRECT_OBJC_ISA_USAGE = YES_ERROR;
				CLANG_WARN_DOCUMENTATION_COMMENTS = YES;
				CLANG_WARN_EMPTY_BODY = YES;
				CLANG_WARN_ENUM_CONVERSION = YES;
				CLANG_WARN_INFINITE_RECURSION = YES;
				CLANG_WARN_INT_CONVERSION = YES;
				CLANG_WARN_NON_LITERAL_NULL_CONVERSION = YES;
				CLANG_WARN_OBJC_IMPLICIT_RETAIN_SELF = YES;
				CLANG_WARN_OBJC_LITERAL_CONVERSION = YES;
				CLANG_WARN_OBJC_ROOT_CLASS = YES_ERROR;
				CLANG_WARN_RANGE_LOOP_ANALYSIS = YES;
				CLANG_WARN_STRICT_PROTOTYPES = YES;
				CLANG_WARN_SUSPICIOUS_MOVE = YES;
				CLANG_WARN_UNGUARDED_AVAILABILITY = YES_AGGRESSIVE;
				CLANG_WARN_UNREACHABLE_CODE = YES;
				CLANG_WARN__DUPLICATE_METHOD_MATCH = YES;
				CODE_SIGN_IDENTITY = "iPhone Developer";
				COPY_PHASE_STRIP = NO;
				DEBUG_INFORMATION_FORMAT = "dwarf-with-dsym";
				ENABLE_NS_ASSERTIONS = NO;
				ENABLE_STRICT_OBJC_MSGSEND = YES;
				GCC_C_LANGUAGE_STANDARD = gnu11;
				GCC_NO_COMMON_BLOCKS = YES;
				GCC_WARN_64_TO_32_BIT_CONVERSION = YES;
				GCC_WARN_ABOUT_RETURN_TYPE = YES_ERROR;
				GCC_WARN_UNDECLARED_SELECTOR = YES;
				GCC_WARN_UNINITIALIZED_AUTOS = YES_AGGRESSIVE;
				GCC_WARN_UNUSED_FUNCTION = YES;
				GCC_WARN_UNUSED_VARIABLE = YES;
				IPHONEOS_DEPLOYMENT_TARGET = 11.4;
				MTL_ENABLE_DEBUG_INFO = NO;
				SDKROOT = iphoneos;
				SWIFT_COMPILATION_MODE = wholemodule;
				SWIFT_OPTIMIZATION_LEVEL = "-O";
				VALIDATE_PRODUCT = YES;
			};
			name = Release;
		};
		DDD22DAE21047C7E001FCF67 /* Debug */ = {
			isa = XCBuildConfiguration;
			buildSettings = {
				ASSETCATALOG_COMPILER_APPICON_NAME = AppIcon;
				CODE_SIGN_STYLE = Automatic;
				DEVELOPMENT_TEAM = 95Q8H6K2TQ;
				INFOPLIST_FILE = artificialintelligenceSwift/Info.plist;
				LD_RUNPATH_SEARCH_PATHS = (
					"$(inherited)",
					"@executable_path/Frameworks",
				);
				PRODUCT_BUNDLE_IDENTIFIER = com.ydemirkoparan.artificialintelligenceSwift;
				PRODUCT_NAME = "$(TARGET_NAME)";
				SWIFT_VERSION = 4.0;
				TARGETED_DEVICE_FAMILY = "1,2";
			};
			name = Debug;
		};
		DDD22DAF21047C7E001FCF67 /* Release */ = {
			isa = XCBuildConfiguration;
			buildSettings = {
				ASSETCATALOG_COMPILER_APPICON_NAME = AppIcon;
				CODE_SIGN_STYLE = Automatic;
				DEVELOPMENT_TEAM = 95Q8H6K2TQ;
				INFOPLIST_FILE = artificialintelligenceSwift/Info.plist;
				LD_RUNPATH_SEARCH_PATHS = (
					"$(inherited)",
					"@executable_path/Frameworks",
				);
				PRODUCT_BUNDLE_IDENTIFIER = com.ydemirkoparan.artificialintelligenceSwift;
				PRODUCT_NAME = "$(TARGET_NAME)";
				SWIFT_VERSION = 4.0;
				TARGETED_DEVICE_FAMILY = "1,2";
			};
			name = Release;
		};
/* End XCBuildConfiguration section */

/* Begin XCConfigurationList section */
		DDD22D9621047C7C001FCF67 /* Build configuration list for PBXProject "artificialintelligenceSwift" */ = {
			isa = XCConfigurationList;
			buildConfigurations = (
				DDD22DAB21047C7E001FCF67 /* Debug */,
				DDD22DAC21047C7E001FCF67 /* Release */,
			);
			defaultConfigurationIsVisible = 0;
			defaultConfigurationName = Release;
		};
		DDD22DAD21047C7E001FCF67 /* Build configuration list for PBXNativeTarget "artificialintelligenceSwift" */ = {
			isa = XCConfigurationList;
			buildConfigurations = (
				DDD22DAE21047C7E001FCF67 /* Debug */,
				DDD22DAF21047C7E001FCF67 /* Release */,
			);
			defaultConfigurationIsVisible = 0;
			defaultConfigurationName = Release;
		};
/* End XCConfigurationList section */
	};
	rootObject = DDD22D9321047C7C001FCF67 /* Project object */;
}
